
Microsoft Visual Studio Solution File, Format Version 12.00
# Visual Studio Version 16
VisualStudioVersion = 16.0.31019.35
MinimumVisualStudioVersion = 10.0.40219.1
Project("{FAE04EC0-301F-11D3-BF4B-00C04F79EFBC}") = "NguyenDuyThang_5951071100", "NguyenDuyThang_5951071100\NguyenDuyThang_5951071100.csproj", "{FD70BB18-B138-48D2-9DAB-2CCF15DDC316}"
EndProject
Global
	GlobalSection(SolutionConfigurationPlatforms) = preSolution
		Debug|Any CPU = Debug|Any CPU
		Release|Any CPU = Release|Any CPU
	EndGlobalSection
	GlobalSection(ProjectConfigurationPlatforms) = postSolution
		{FD70BB18-B138-48D2-9DAB-2CCF15DDC316}.Debug|Any CPU.ActiveCfg = Debug|Any CPU
		{FD70BB18-B138-48D2-9DAB-2CCF15DDC316}.Debug|Any CPU.Build.0 = Debug|Any CPU
		{FD70BB18-B138-48D2-9DAB-2CCF15DDC316}.Release|Any CPU.ActiveCfg = Release|Any CPU
		{FD70BB18-B138-48D2-9DAB-2CCF15DDC316}.Release|Any CPU.Build.0 = Release|Any CPU
	EndGlobalSection
	GlobalSection(SolutionProperties) = preSolution
		HideSolutionNode = FALSE
	EndGlobalSection
	GlobalSection(ExtensibilityGlobals) = postSolution
		SolutionGuid = {8E82992A-C3D0-4477-9ABB-6BCDFC12573A}
	EndGlobalSection
EndGlobal
